// !$*UTF8*$!
{
	archiveVersion = 1;
	classes = {
	};
	objectVersion = 50;
	objects = {

/* Begin PBXBuildFile section */
		096921AD24BE7C67008A0392 /* AppDelegate.swift in Sources */ = {isa = PBXBuildFile; fileRef = 096921AC24BE7C67008A0392 /* AppDelegate.swift */; };
		096921AF24BE7C67008A0392 /* SceneDelegate.swift in Sources */ = {isa = PBXBuildFile; fileRef = 096921AE24BE7C67008A0392 /* SceneDelegate.swift */; };
		096921B424BE7C67008A0392 /* Main.storyboard in Resources */ = {isa = PBXBuildFile; fileRef = 096921B224BE7C67008A0392 /* Main.storyboard */; };
		096921B624BE7C69008A0392 /* Assets.xcassets in Resources */ = {isa = PBXBuildFile; fileRef = 096921B524BE7C69008A0392 /* Assets.xcassets */; };
		096921B924BE7C69008A0392 /* LaunchScreen.storyboard in Resources */ = {isa = PBXBuildFile; fileRef = 096921B724BE7C69008A0392 /* LaunchScreen.storyboard */; };
		096921C124BE806A008A0392 /* Country.swift in Sources */ = {isa = PBXBuildFile; fileRef = 096921C024BE806A008A0392 /* Country.swift */; };
		096921C324BE808E008A0392 /* DataManager.swift in Sources */ = {isa = PBXBuildFile; fileRef = 096921C224BE808E008A0392 /* DataManager.swift */; };
		096921C524BE87B5008A0392 /* AseanTableViewController.swift in Sources */ = {isa = PBXBuildFile; fileRef = 096921C424BE87B5008A0392 /* AseanTableViewController.swift */; };
/* End PBXBuildFile section */

/* Begin PBXFileReference section */
		096921A924BE7C67008A0392 /* Asean.app */ = {isa = PBXFileReference; explicitFileType = wrapper.application; includeInIndex = 0; path = Asean.app; sourceTree = BUILT_PRODUCTS_DIR; };
		096921AC24BE7C67008A0392 /* AppDelegate.swift */ = {isa = PBXFileReference; lastKnownFileType = sourcecode.swift; path = AppDelegate.swift; sourceTree = "<group>"; };
		096921AE24BE7C67008A0392 /* SceneDelegate.swift */ = {isa = PBXFileReference; lastKnownFileType = sourcecode.swift; path = SceneDelegate.swift; sourceTree = "<group>"; };
		096921B324BE7C67008A0392 /* Base */ = {isa = PBXFileReference; lastKnownFileType = file.storyboard; name = Base; path = Base.lproj/Main.storyboard; sourceTree = "<group>"; };
		096921B524BE7C69008A0392 /* Assets.xcassets */ = {isa = PBXFileReference; lastKnownFileType = folder.assetcatalog; path = Assets.xcassets; sourceTree = "<group>"; };
		096921B824BE7C69008A0392 /* Base */ = {isa = PBXFileReference; lastKnownFileType = file.storyboard; name = Base; path = Base.lproj/LaunchScreen.storyboard; sourceTree = "<group>"; };
		096921BA24BE7C69008A0392 /* Info.plist */ = {isa = PBXFileReference; lastKnownFileType = text.plist.xml; path = Info.plist; sourceTree = "<group>"; };
		096921C024BE806A008A0392 /* Country.swift */ = {isa = PBXFileReference; lastKnownFileType = sourcecode.swift; path = Country.swift; sourceTree = "<group>"; };
		096921C224BE808E008A0392 /* DataManager.swift */ = {isa = PBXFileReference; lastKnownFileType = sourcecode.swift; path = DataManager.swift; sourceTree = "<group>"; };
		096921C424BE87B5008A0392 /* AseanTableViewController.swift */ = {isa = PBXFileReference; lastKnownFileType = sourcecode.swift; path = AseanTableViewController.swift; sourceTree = "<group>"; };
/* End PBXFileReference section */

/* Begin PBXFrameworksBuildPhase section */
		096921A624BE7C67008A0392 /* Frameworks */ = {
			isa = PBXFrameworksBuildPhase;
			buildActionMask = 2147483647;
			files = (
			);
			runOnlyForDeploymentPostprocessing = 0;
		};
/* End PBXFrameworksBuildPhase section */

/* Begin PBXGroup section */
		096921A024BE7C67008A0392 = {
			isa = PBXGroup;
			children = (
				096921AB24BE7C67008A0392 /* Asean */,
				096921AA24BE7C67008A0392 /* Products */,
			);
			sourceTree = "<group>";
		};
		096921AA24BE7C67008A0392 /* Products */ = {
			isa = PBXGroup;
			children = (
				096921A924BE7C67008A0392 /* Asean.app */,
			);
			name = Products;
			sourceTree = "<group>";
		};
		096921AB24BE7C67008A0392 /* Asean */ = {
			isa = PBXGroup;
			children = (
				096921AC24BE7C67008A0392 /* AppDelegate.swift */,
				096921AE24BE7C67008A0392 /* SceneDelegate.swift */,
				096921C024BE806A008A0392 /* Country.swift */,
				096921C224BE808E008A0392 /* DataManager.swift */,
				096921C424BE87B5008A0392 /* AseanTableViewController.swift */,
				096921B224BE7C67008A0392 /* Main.storyboard */,
				096921B524BE7C69008A0392 /* Assets.xcassets */,
				096921B724BE7C69008A0392 /* LaunchScreen.storyboard */,
				096921BA24BE7C69008A0392 /* Info.plist */,
			);
			path = Asean;
			sourceTree = "<group>";
		};
/* End PBXGroup section */

/* Begin PBXNativeTarget section */
		096921A824BE7C67008A0392 /* Asean */ = {
			isa = PBXNativeTarget;
			buildConfigurationList = 096921BD24BE7C69008A0392 /* Build configuration list for PBXNativeTarget "Asean" */;
			buildPhases = (
				096921A524BE7C67008A0392 /* Sources */,
				096921A624BE7C67008A0392 /* Frameworks */,
				096921A724BE7C67008A0392 /* Resources */,
			);
			buildRules = (
			);
			dependencies = (
			);
			name = Asean;
			productName = Asean;
			productReference = 096921A924BE7C67008A0392 /* Asean.app */;
			productType = "com.apple.product-type.application";
		};
/* End PBXNativeTarget section */

/* Begin PBXProject section */
		096921A124BE7C67008A0392 /* Project object */ = {
			isa = PBXProject;
			attributes = {
				LastSwiftUpdateCheck = 1150;
				LastUpgradeCheck = 1150;
				ORGANIZATIONNAME = "Ricki Bin Yamin";
				TargetAttributes = {
					096921A824BE7C67008A0392 = {
						CreatedOnToolsVersion = 11.5;
					};
				};
			};
			buildConfigurationList = 096921A424BE7C67008A0392 /* Build configuration list for PBXProject "Asean" */;
			compatibilityVersion = "Xcode 9.3";
			developmentRegion = en;
			hasScannedForEncodings = 0;
			knownRegions = (
				en,
				Base,
			);
			mainGroup = 096921A024BE7C67008A0392;
			productRefGroup = 096921AA24BE7C67008A0392 /* Products */;
			projectDirPath = "";
			projectRoot = "";
			targets = (
				096921A824BE7C67008A0392 /* Asean */,
			);
		};
/* End PBXProject section */

/* Begin PBXResourcesBuildPhase section */
		096921A724BE7C67008A0392 /* Resources */ = {
			isa = PBXResourcesBuildPhase;
			buildActionMask = 2147483647;
			files = (
				096921B924BE7C69008A0392 /* LaunchScreen.storyboard in Resources */,
				096921B624BE7C69008A0392 /* Assets.xcassets in Resources */,
				096921B424BE7C67008A0392 /* Main.storyboard in Resources */,
			);
			runOnlyForDeploymentPostprocessing = 0;
		};
/* End PBXResourcesBuildPhase section */

/* Begin PBXSourcesBuildPhase section */
		096921A524BE7C67008A0392 /* Sources */ = {
			isa = PBXSourcesBuildPhase;
			buildActionMask = 2147483647;
			files = (
				096921C124BE806A008A0392 /* Country.swift in Sources */,
				096921C524BE87B5008A0392 /* AseanTableViewController.swift in Sources */,
				096921C324BE808E008A0392 /* DataManager.swift in Sources */,
				096921AD24BE7C67008A0392 /* AppDelegate.swift in Sources */,
				096921AF24BE7C67008A0392 /* SceneDelegate.swift in Sources */,
			);
			runOnlyForDeploymentPostprocessing = 0;
		};
/* End PBXSourcesBuildPhase section */

/* Begin PBXVariantGroup section */
		096921B224BE7C67008A0392 /* Main.storyboard */ = {
			isa = PBXVariantGroup;
			children = (
				096921B324BE7C67008A0392 /* Base */,
			);
			name = Main.storyboard;
			sourceTree = "<group>";
		};
		096921B724BE7C69008A0392 /* LaunchScreen.storyboard */ = {
			isa = PBXVariantGroup;
			children = (
				096921B824BE7C69008A0392 /* Base */,
			);
			name = LaunchScreen.storyboard;
			sourceTree = "<group>";
		};
/* End PBXVariantGroup section */

/* Begin XCBuildConfiguration section */
		096921BB24BE7C69008A0392 /* Debug */ = {
			isa = XCBuildConfiguration;
			buildSettings = {
				ALWAYS_SEARCH_USER_PATHS = NO;
				CLANG_ANALYZER_NONNULL = YES;
				CLANG_ANALYZER_NUMBER_OBJECT_CONVERSION = YES_AGGRESSIVE;
				CLANG_CXX_LANGUAGE_STANDARD = "gnu++14";
				CLANG_CXX_LIBRARY = "libc++";
				CLANG_ENABLE_MODULES = YES;
				CLANG_ENABLE_OBJC_ARC = YES;
				CLANG_ENABLE_OBJC_WEAK = YES;
				CLANG_WARN_BLOCK_CAPTURE_AUTORELEASING = YES;
				CLANG_WARN_BOOL_CONVERSION = YES;
				CLANG_WARN_COMMA = YES;
				CLANG_WARN_CONSTANT_CONVERSION = YES;
				CLANG_WARN_DEPRECATED_OBJC_IMPLEMENTATIONS = YES;
				CLANG_WARN_DIRECT_OBJC_ISA_USAGE = YES_ERROR;
				CLANG_WARN_DOCUMENTATION_COMMENTS = YES;
				CLANG_WARN_EMPTY_BODY = YES;
				CLANG_WARN_ENUM_CONVERSION = YES;
				CLANG_WARN_INFINITE_RECURSION = YES;
				CLANG_WARN_INT_CONVERSION = YES;
				CLANG_WARN_NON_LITERAL_NULL_CONVERSION = YES;
				CLANG_WARN_OBJC_IMPLICIT_RETAIN_SELF = YES;
				CLANG_WARN_OBJC_LITERAL_CONVERSION = YES;
				CLANG_WARN_OBJC_ROOT_CLASS = YES_ERROR;
				CLANG_WARN_RANGE_LOOP_ANALYSIS = YES;
				CLANG_WARN_STRICT_PROTOTYPES = YES;
				CLANG_WARN_SUSPICIOUS_MOVE = YES;
				CLANG_WARN_UNGUARDED_AVAILABILITY = YES_AGGRESSIVE;
				CLANG_WARN_UNREACHABLE_CODE = YES;
				CLANG_WARN__DUPLICATE_METHOD_MATCH = YES;
				COPY_PHASE_STRIP = NO;
				DEBUG_INFORMATION_FORMAT = dwarf;
				ENABLE_STRICT_OBJC_MSGSEND = YES;
				ENABLE_TESTABILITY = YES;
				GCC_C_LANGUAGE_STANDARD = gnu11;
				GCC_DYNAMIC_NO_PIC = NO;
				GCC_NO_COMMON_BLOCKS = YES;
				GCC_OPTIMIZATION_LEVEL = 0;
				GCC_PREPROCESSOR_DEFINITIONS = (
					"DEBUG=1",
					"$(inherited)",
				);
				GCC_WARN_64_TO_32_BIT_CONVERSION = YES;
				GCC_WARN_ABOUT_RETURN_TYPE = YES_ERROR;
				GCC_WARN_UNDECLARED_SELECTOR = YES;
				GCC_WARN_UNINITIALIZED_AUTOS = YES_AGGRESSIVE;
				GCC_WARN_UNUSED_FUNCTION = YES;
				GCC_WARN_UNUSED_VARIABLE = YES;
				IPHONEOS_DEPLOYMENT_TARGET = 13.5;
				MTL_ENABLE_DEBUG_INFO = INCLUDE_SOURCE;
				MTL_FAST_MATH = YES;
				ONLY_ACTIVE_ARCH = YES;
				SDKROOT = iphoneos;
				SWIFT_ACTIVE_COMPILATION_CONDITIONS = DEBUG;
				SWIFT_OPTIMIZATION_LEVEL = "-Onone";
			};
			name = Debug;
		};
		096921BC24BE7C69008A0392 /* Release */ = {
			isa = XCBuildConfiguration;
			buildSettings = {
				ALWAYS_SEARCH_USER_PATHS = NO;
				CLANG_ANALYZER_NONNULL = YES;
				CLANG_ANALYZER_NUMBER_OBJECT_CONVERSION = YES_AGGRESSIVE;
				CLANG_CXX_LANGUAGE_STANDARD = "gnu++14";
				CLANG_CXX_LIBRARY = "libc++";
				CLANG_ENABLE_MODULES = YES;
				CLANG_ENABLE_OBJC_ARC = YES;
				CLANG_ENABLE_OBJC_WEAK = YES;
				CLANG_WARN_BLOCK_CAPTURE_AUTORELEASING = YES;
				CLANG_WARN_BOOL_CONVERSION = YES;
				CLANG_WARN_COMMA = YES;
				CLANG_WARN_CONSTANT_CONVERSION = YES;
				CLANG_WARN_DEPRECATED_OBJC_IMPLEMENTATIONS = YES;
				CLANG_WARN_DIRECT_OBJC_ISA_USAGE = YES_ERROR;
				CLANG_WARN_DOCUMENTATION_COMMENTS = YES;
				CLANG_WARN_EMPTY_BODY = YES;
				CLANG_WARN_ENUM_CONVERSION = YES;
				CLANG_WARN_INFINITE_RECURSION = YES;
				CLANG_WARN_INT_CONVERSION = YES;
				CLANG_WARN_NON_LITERAL_NULL_CONVERSION = YES;
				CLANG_WARN_OBJC_IMPLICIT_RETAIN_SELF = YES;
				CLANG_WARN_OBJC_LITERAL_CONVERSION = YES;
				CLANG_WARN_OBJC_ROOT_CLASS = YES_ERROR;
				CLANG_WARN_RANGE_LOOP_ANALYSIS = YES;
				CLANG_WARN_STRICT_PROTOTYPES = YES;
				CLANG_WARN_SUSPICIOUS_MOVE = YES;
				CLANG_WARN_UNGUARDED_AVAILABILITY = YES_AGGRESSIVE;
				CLANG_WARN_UNREACHABLE_CODE = YES;
				CLANG_WARN__DUPLICATE_METHOD_MATCH = YES;
				COPY_PHASE_STRIP = NO;
				DEBUG_INFORMATION_FORMAT = "dwarf-with-dsym";
				ENABLE_NS_ASSERTIONS = NO;
				ENABLE_STRICT_OBJC_MSGSEND = YES;
				GCC_C_LANGUAGE_STANDARD = gnu11;
				GCC_NO_COMMON_BLOCKS = YES;
				GCC_WARN_64_TO_32_BIT_CONVERSION = YES;
				GCC_WARN_ABOUT_RETURN_TYPE = YES_ERROR;
				GCC_WARN_UNDECLARED_SELECTOR = YES;
				GCC_WARN_UNINITIALIZED_AUTOS = YES_AGGRESSIVE;
				GCC_WARN_UNUSED_FUNCTION = YES;
				GCC_WARN_UNUSED_VARIABLE = YES;
				IPHONEOS_DEPLOYMENT_TARGET = 13.5;
				MTL_ENABLE_DEBUG_INFO = NO;
				MTL_FAST_MATH = YES;
				SDKROOT = iphoneos;
				SWIFT_COMPILATION_MODE = wholemodule;
				SWIFT_OPTIMIZATION_LEVEL = "-O";
				VALIDATE_PRODUCT = YES;
			};
			name = Release;
		};
		096921BE24BE7C69008A0392 /* Debug */ = {
			isa = XCBuildConfiguration;
			buildSettings = {
				ASSETCATALOG_COMPILER_APPICON_NAME = AppIcon;
				CODE_SIGN_STYLE = Automatic;
				DEVELOPMENT_TEAM = 6NMANHT3A2;
				INFOPLIST_FILE = Asean/Info.plist;
				LD_RUNPATH_SEARCH_PATHS = (
					"$(inherited)",
					"@executable_path/Frameworks",
				);
				PRODUCT_BUNDLE_IDENTIFIER = com.erbe.Asean;
				PRODUCT_NAME = "$(TARGET_NAME)";
				SWIFT_VERSION = 5.0;
				TARGETED_DEVICE_FAMILY = "1,2";
			};
			name = Debug;
		};
		096921BF24BE7C69008A0392 /* Release */ = {
			isa = XCBuildConfiguration;
			buildSettings = {
				ASSETCATALOG_COMPILER_APPICON_NAME = AppIcon;
				CODE_SIGN_STYLE = Automatic;
				DEVELOPMENT_TEAM = 6NMANHT3A2;
				INFOPLIST_FILE = Asean/Info.plist;
				LD_RUNPATH_SEARCH_PATHS = (
					"$(inherited)",
					"@executable_path/Frameworks",
				);
				PRODUCT_BUNDLE_IDENTIFIER = com.erbe.Asean;
				PRODUCT_NAME = "$(TARGET_NAME)";
				SWIFT_VERSION = 5.0;
				TARGETED_DEVICE_FAMILY = "1,2";
			};
			name = Release;
		};
/* End XCBuildConfiguration section */

/* Begin XCConfigurationList section */
		096921A424BE7C67008A0392 /* Build configuration list for PBXProject "Asean" */ = {
			isa = XCConfigurationList;
			buildConfigurations = (
				096921BB24BE7C69008A0392 /* Debug */,
				096921BC24BE7C69008A0392 /* Release */,
			);
			defaultConfigurationIsVisible = 0;
			defaultConfigurationName = Release;
		};
		096921BD24BE7C69008A0392 /* Build configuration list for PBXNativeTarget "Asean" */ = {
			isa = XCConfigurationList;
			buildConfigurations = (
				096921BE24BE7C69008A0392 /* Debug */,
				096921BF24BE7C69008A0392 /* Release */,
			);
			defaultConfigurationIsVisible = 0;
			defaultConfigurationName = Release;
		};
/* End XCConfigurationList section */
	};
	rootObject = 096921A124BE7C67008A0392 /* Project object */;
}
